// !$*UTF8*$!
{
	archiveVersion = 1;
	classes = {
	};
	objectVersion = 46;
	objects = {

/* Begin PBXBuildFile section */
		5527F2B51D783B810054E50D /* PickerView.m in Sources */ = {isa = PBXBuildFile; fileRef = 5527F2B31D783B810054E50D /* PickerView.m */; };
		5527F2B61D783B810054E50D /* PickerView.xib in Resources */ = {isa = PBXBuildFile; fileRef = 5527F2B41D783B810054E50D /* PickerView.xib */; };
		C779DF161C6D084A0018AC67 /* main.m in Sources */ = {isa = PBXBuildFile; fileRef = C779DF151C6D084A0018AC67 /* main.m */; };
		C779DF191C6D084A0018AC67 /* AppDelegate.m in Sources */ = {isa = PBXBuildFile; fileRef = C779DF181C6D084A0018AC67 /* AppDelegate.m */; };
		C779DF1C1C6D084A0018AC67 /* ViewController.m in Sources */ = {isa = PBXBuildFile; fileRef = C779DF1B1C6D084A0018AC67 /* ViewController.m */; };
		C779DF1F1C6D084A0018AC67 /* Main.storyboard in Resources */ = {isa = PBXBuildFile; fileRef = C779DF1D1C6D084A0018AC67 /* Main.storyboard */; };
		C779DF211C6D084A0018AC67 /* Assets.xcassets in Resources */ = {isa = PBXBuildFile; fileRef = C779DF201C6D084A0018AC67 /* Assets.xcassets */; };
		C779DF241C6D084A0018AC67 /* LaunchScreen.storyboard in Resources */ = {isa = PBXBuildFile; fileRef = C779DF221C6D084A0018AC67 /* LaunchScreen.storyboard */; };
		C779DF2D1C6D08CC0018AC67 /* CustomViewWithXib.m in Sources */ = {isa = PBXBuildFile; fileRef = C779DF2C1C6D08CC0018AC67 /* CustomViewWithXib.m */; };
		C779DF311C6D10A60018AC67 /* MyCustomView.m in Sources */ = {isa = PBXBuildFile; fileRef = C779DF301C6D10A60018AC67 /* MyCustomView.m */; };
		C779DF331C6D10B90018AC67 /* MyCustomView.xib in Resources */ = {isa = PBXBuildFile; fileRef = C779DF321C6D10B90018AC67 /* MyCustomView.xib */; };
/* End PBXBuildFile section */

/* Begin PBXFileReference section */
		5527F2B21D783B810054E50D /* PickerView.h */ = {isa = PBXFileReference; fileEncoding = 4; lastKnownFileType = sourcecode.c.h; path = PickerView.h; sourceTree = "<group>"; };
		5527F2B31D783B810054E50D /* PickerView.m */ = {isa = PBXFileReference; fileEncoding = 4; lastKnownFileType = sourcecode.c.objc; path = PickerView.m; sourceTree = "<group>"; };
		5527F2B41D783B810054E50D /* PickerView.xib */ = {isa = PBXFileReference; fileEncoding = 4; lastKnownFileType = file.xib; path = PickerView.xib; sourceTree = "<group>"; };
		C779DF111C6D084A0018AC67 /* CustomViews.app */ = {isa = PBXFileReference; explicitFileType = wrapper.application; includeInIndex = 0; path = CustomViews.app; sourceTree = BUILT_PRODUCTS_DIR; };
		C779DF151C6D084A0018AC67 /* main.m */ = {isa = PBXFileReference; lastKnownFileType = sourcecode.c.objc; path = main.m; sourceTree = "<group>"; };
		C779DF171C6D084A0018AC67 /* AppDelegate.h */ = {isa = PBXFileReference; lastKnownFileType = sourcecode.c.h; path = AppDelegate.h; sourceTree = "<group>"; };
		C779DF181C6D084A0018AC67 /* AppDelegate.m */ = {isa = PBXFileReference; lastKnownFileType = sourcecode.c.objc; path = AppDelegate.m; sourceTree = "<group>"; };
		C779DF1A1C6D084A0018AC67 /* ViewController.h */ = {isa = PBXFileReference; lastKnownFileType = sourcecode.c.h; path = ViewController.h; sourceTree = "<group>"; };
		C779DF1B1C6D084A0018AC67 /* ViewController.m */ = {isa = PBXFileReference; lastKnownFileType = sourcecode.c.objc; path = ViewController.m; sourceTree = "<group>"; };
		C779DF1E1C6D084A0018AC67 /* Base */ = {isa = PBXFileReference; lastKnownFileType = file.storyboard; name = Base; path = Base.lproj/Main.storyboard; sourceTree = "<group>"; };
		C779DF201C6D084A0018AC67 /* Assets.xcassets */ = {isa = PBXFileReference; lastKnownFileType = folder.assetcatalog; path = Assets.xcassets; sourceTree = "<group>"; };
		C779DF231C6D084A0018AC67 /* Base */ = {isa = PBXFileReference; lastKnownFileType = file.storyboard; name = Base; path = Base.lproj/LaunchScreen.storyboard; sourceTree = "<group>"; };
		C779DF251C6D084A0018AC67 /* Info.plist */ = {isa = PBXFileReference; lastKnownFileType = text.plist.xml; path = Info.plist; sourceTree = "<group>"; };
		C779DF2B1C6D08CC0018AC67 /* CustomViewWithXib.h */ = {isa = PBXFileReference; fileEncoding = 4; lastKnownFileType = sourcecode.c.h; path = CustomViewWithXib.h; sourceTree = "<group>"; };
		C779DF2C1C6D08CC0018AC67 /* CustomViewWithXib.m */ = {isa = PBXFileReference; fileEncoding = 4; lastKnownFileType = sourcecode.c.objc; path = CustomViewWithXib.m; sourceTree = "<group>"; };
		C779DF2F1C6D10A60018AC67 /* MyCustomView.h */ = {isa = PBXFileReference; fileEncoding = 4; lastKnownFileType = sourcecode.c.h; path = MyCustomView.h; sourceTree = "<group>"; };
		C779DF301C6D10A60018AC67 /* MyCustomView.m */ = {isa = PBXFileReference; fileEncoding = 4; lastKnownFileType = sourcecode.c.objc; path = MyCustomView.m; sourceTree = "<group>"; };
		C779DF321C6D10B90018AC67 /* MyCustomView.xib */ = {isa = PBXFileReference; fileEncoding = 4; lastKnownFileType = file.xib; path = MyCustomView.xib; sourceTree = "<group>"; };
/* End PBXFileReference section */

/* Begin PBXFrameworksBuildPhase section */
		C779DF0E1C6D084A0018AC67 /* Frameworks */ = {
			isa = PBXFrameworksBuildPhase;
			buildActionMask = 2147483647;
			files = (
			);
			runOnlyForDeploymentPostprocessing = 0;
		};
/* End PBXFrameworksBuildPhase section */

/* Begin PBXGroup section */
		C779DF081C6D084A0018AC67 = {
			isa = PBXGroup;
			children = (
				C779DF131C6D084A0018AC67 /* CustomViews */,
				C779DF121C6D084A0018AC67 /* Products */,
			);
			sourceTree = "<group>";
		};
		C779DF121C6D084A0018AC67 /* Products */ = {
			isa = PBXGroup;
			children = (
				C779DF111C6D084A0018AC67 /* CustomViews.app */,
			);
			name = Products;
			sourceTree = "<group>";
		};
		C779DF131C6D084A0018AC67 /* CustomViews */ = {
			isa = PBXGroup;
			children = (
				C779DF2E1C6D08D40018AC67 /* CustomViewWithXib */,
				C779DF171C6D084A0018AC67 /* AppDelegate.h */,
				C779DF181C6D084A0018AC67 /* AppDelegate.m */,
				C779DF1A1C6D084A0018AC67 /* ViewController.h */,
				C779DF1B1C6D084A0018AC67 /* ViewController.m */,
				C779DF1D1C6D084A0018AC67 /* Main.storyboard */,
				C779DF201C6D084A0018AC67 /* Assets.xcassets */,
				C779DF221C6D084A0018AC67 /* LaunchScreen.storyboard */,
				C779DF251C6D084A0018AC67 /* Info.plist */,
				C779DF141C6D084A0018AC67 /* Supporting Files */,
			);
			path = CustomViews;
			sourceTree = "<group>";
		};
		C779DF141C6D084A0018AC67 /* Supporting Files */ = {
			isa = PBXGroup;
			children = (
				C779DF151C6D084A0018AC67 /* main.m */,
			);
			name = "Supporting Files";
			sourceTree = "<group>";
		};
		C779DF2E1C6D08D40018AC67 /* CustomViewWithXib */ = {
			isa = PBXGroup;
			children = (
				C779DF2B1C6D08CC0018AC67 /* CustomViewWithXib.h */,
				C779DF2C1C6D08CC0018AC67 /* CustomViewWithXib.m */,
				C779DF2F1C6D10A60018AC67 /* MyCustomView.h */,
				C779DF301C6D10A60018AC67 /* MyCustomView.m */,
				C779DF321C6D10B90018AC67 /* MyCustomView.xib */,
				5527F2B21D783B810054E50D /* PickerView.h */,
				5527F2B31D783B810054E50D /* PickerView.m */,
				5527F2B41D783B810054E50D /* PickerView.xib */,
			);
			name = CustomViewWithXib;
			sourceTree = "<group>";
		};
/* End PBXGroup section */

/* Begin PBXNativeTarget section */
		C779DF101C6D084A0018AC67 /* CustomViews */ = {
			isa = PBXNativeTarget;
			buildConfigurationList = C779DF281C6D084A0018AC67 /* Build configuration list for PBXNativeTarget "CustomViews" */;
			buildPhases = (
				C779DF0D1C6D084A0018AC67 /* Sources */,
				C779DF0E1C6D084A0018AC67 /* Frameworks */,
				C779DF0F1C6D084A0018AC67 /* Resources */,
			);
			buildRules = (
			);
			dependencies = (
			);
			name = CustomViews;
			productName = CustomViews;
			productReference = C779DF111C6D084A0018AC67 /* CustomViews.app */;
			productType = "com.apple.product-type.application";
		};
/* End PBXNativeTarget section */

/* Begin PBXProject section */
		C779DF091C6D084A0018AC67 /* Project object */ = {
			isa = PBXProject;
			attributes = {
				LastUpgradeCheck = 0700;
				ORGANIZATIONNAME = "Hamza GHAZOUANI";
				TargetAttributes = {
					C779DF101C6D084A0018AC67 = {
						CreatedOnToolsVersion = 7.0.1;
					};
				};
			};
			buildConfigurationList = C779DF0C1C6D084A0018AC67 /* Build configuration list for PBXProject "CustomViews" */;
			compatibilityVersion = "Xcode 3.2";
			developmentRegion = English;
			hasScannedForEncodings = 0;
			knownRegions = (
				en,
				Base,
			);
			mainGroup = C779DF081C6D084A0018AC67;
			productRefGroup = C779DF121C6D084A0018AC67 /* Products */;
			projectDirPath = "";
			projectRoot = "";
			targets = (
				C779DF101C6D084A0018AC67 /* CustomViews */,
			);
		};
/* End PBXProject section */

/* Begin PBXResourcesBuildPhase section */
		C779DF0F1C6D084A0018AC67 /* Resources */ = {
			isa = PBXResourcesBuildPhase;
			buildActionMask = 2147483647;
			files = (
				5527F2B61D783B810054E50D /* PickerView.xib in Resources */,
				C779DF241C6D084A0018AC67 /* LaunchScreen.storyboard in Resources */,
				C779DF331C6D10B90018AC67 /* MyCustomView.xib in Resources */,
				C779DF211C6D084A0018AC67 /* Assets.xcassets in Resources */,
				C779DF1F1C6D084A0018AC67 /* Main.storyboard in Resources */,
			);
			runOnlyForDeploymentPostprocessing = 0;
		};
/* End PBXResourcesBuildPhase section */

/* Begin PBXSourcesBuildPhase section */
		C779DF0D1C6D084A0018AC67 /* Sources */ = {
			isa = PBXSourcesBuildPhase;
			buildActionMask = 2147483647;
			files = (
				C779DF1C1C6D084A0018AC67 /* ViewController.m in Sources */,
				C779DF191C6D084A0018AC67 /* AppDelegate.m in Sources */,
				C779DF161C6D084A0018AC67 /* main.m in Sources */,
				C779DF311C6D10A60018AC67 /* MyCustomView.m in Sources */,
				5527F2B51D783B810054E50D /* PickerView.m in Sources */,
				C779DF2D1C6D08CC0018AC67 /* CustomViewWithXib.m in Sources */,
			);
			runOnlyForDeploymentPostprocessing = 0;
		};
/* End PBXSourcesBuildPhase section */

/* Begin PBXVariantGroup section */
		C779DF1D1C6D084A0018AC67 /* Main.storyboard */ = {
			isa = PBXVariantGroup;
			children = (
				C779DF1E1C6D084A0018AC67 /* Base */,
			);
			name = Main.storyboard;
			sourceTree = "<group>";
		};
		C779DF221C6D084A0018AC67 /* LaunchScreen.storyboard */ = {
			isa = PBXVariantGroup;
			children = (
				C779DF231C6D084A0018AC67 /* Base */,
			);
			name = LaunchScreen.storyboard;
			sourceTree = "<group>";
		};
/* End PBXVariantGroup section */

/* Begin XCBuildConfiguration section */
		C779DF261C6D084A0018AC67 /* Debug */ = {
			isa = XCBuildConfiguration;
			buildSettings = {
				ALWAYS_SEARCH_USER_PATHS = NO;
				CLANG_CXX_LANGUAGE_STANDARD = "gnu++0x";
				CLANG_CXX_LIBRARY = "libc++";
				CLANG_ENABLE_MODULES = YES;
				CLANG_ENABLE_OBJC_ARC = YES;
				CLANG_WARN_BOOL_CONVERSION = YES;
				CLANG_WARN_CONSTANT_CONVERSION = YES;
				CLANG_WARN_DIRECT_OBJC_ISA_USAGE = YES_ERROR;
				CLANG_WARN_EMPTY_BODY = YES;
				CLANG_WARN_ENUM_CONVERSION = YES;
				CLANG_WARN_INT_CONVERSION = YES;
				CLANG_WARN_OBJC_ROOT_CLASS = YES_ERROR;
				CLANG_WARN_UNREACHABLE_CODE = YES;
				CLANG_WARN__DUPLICATE_METHOD_MATCH = YES;
				"CODE_SIGN_IDENTITY[sdk=iphoneos*]" = "iPhone Developer";
				COPY_PHASE_STRIP = NO;
				DEBUG_INFORMATION_FORMAT = dwarf;
				ENABLE_STRICT_OBJC_MSGSEND = YES;
				ENABLE_TESTABILITY = YES;
				GCC_C_LANGUAGE_STANDARD = gnu99;
				GCC_DYNAMIC_NO_PIC = NO;
				GCC_NO_COMMON_BLOCKS = YES;
				GCC_OPTIMIZATION_LEVEL = 0;
				GCC_PREPROCESSOR_DEFINITIONS = (
					"DEBUG=1",
					"$(inherited)",
				);
				GCC_WARN_64_TO_32_BIT_CONVERSION = YES;
				GCC_WARN_ABOUT_RETURN_TYPE = YES_ERROR;
				GCC_WARN_UNDECLARED_SELECTOR = YES;
				GCC_WARN_UNINITIALIZED_AUTOS = YES_AGGRESSIVE;
				GCC_WARN_UNUSED_FUNCTION = YES;
				GCC_WARN_UNUSED_VARIABLE = YES;
				IPHONEOS_DEPLOYMENT_TARGET = 9.0;
				MTL_ENABLE_DEBUG_INFO = YES;
				ONLY_ACTIVE_ARCH = YES;
				SDKROOT = iphoneos;
			};
			name = Debug;
		};
		C779DF271C6D084A0018AC67 /* Release */ = {
			isa = XCBuildConfiguration;
			buildSettings = {
				ALWAYS_SEARCH_USER_PATHS = NO;
				CLANG_CXX_LANGUAGE_STANDARD = "gnu++0x";
				CLANG_CXX_LIBRARY = "libc++";
				CLANG_ENABLE_MODULES = YES;
				CLANG_ENABLE_OBJC_ARC = YES;
				CLANG_WARN_BOOL_CONVERSION = YES;
				CLANG_WARN_CONSTANT_CONVERSION = YES;
				CLANG_WARN_DIRECT_OBJC_ISA_USAGE = YES_ERROR;
				CLANG_WARN_EMPTY_BODY = YES;
				CLANG_WARN_ENUM_CONVERSION = YES;
				CLANG_WARN_INT_CONVERSION = YES;
				CLANG_WARN_OBJC_ROOT_CLASS = YES_ERROR;
				CLANG_WARN_UNREACHABLE_CODE = YES;
				CLANG_WARN__DUPLICATE_METHOD_MATCH = YES;
				"CODE_SIGN_IDENTITY[sdk=iphoneos*]" = "iPhone Developer";
				COPY_PHASE_STRIP = NO;
				DEBUG_INFORMATION_FORMAT = "dwarf-with-dsym";
				ENABLE_NS_ASSERTIONS = NO;
				ENABLE_STRICT_OBJC_MSGSEND = YES;
				GCC_C_LANGUAGE_STANDARD = gnu99;
				GCC_NO_COMMON_BLOCKS = YES;
				GCC_WARN_64_TO_32_BIT_CONVERSION = YES;
				GCC_WARN_ABOUT_RETURN_TYPE = YES_ERROR;
				GCC_WARN_UNDECLARED_SELECTOR = YES;
				GCC_WARN_UNINITIALIZED_AUTOS = YES_AGGRESSIVE;
				GCC_WARN_UNUSED_FUNCTION = YES;
				GCC_WARN_UNUSED_VARIABLE = YES;
				IPHONEOS_DEPLOYMENT_TARGET = 9.0;
				MTL_ENABLE_DEBUG_INFO = NO;
				SDKROOT = iphoneos;
				VALIDATE_PRODUCT = YES;
			};
			name = Release;
		};
		C779DF291C6D084A0018AC67 /* Debug */ = {
			isa = XCBuildConfiguration;
			buildSettings = {
				ASSETCATALOG_COMPILER_APPICON_NAME = AppIcon;
				INFOPLIST_FILE = CustomViews/Info.plist;
				LD_RUNPATH_SEARCH_PATHS = "$(inherited) @executable_path/Frameworks";
				PRODUCT_BUNDLE_IDENTIFIER = com.HG.CustomViews;
				PRODUCT_NAME = "$(TARGET_NAME)";
			};
			name = Debug;
		};
		C779DF2A1C6D084A0018AC67 /* Release */ = {
			isa = XCBuildConfiguration;
			buildSettings = {
				ASSETCATALOG_COMPILER_APPICON_NAME = AppIcon;
				INFOPLIST_FILE = CustomViews/Info.plist;
				LD_RUNPATH_SEARCH_PATHS = "$(inherited) @executable_path/Frameworks";
				PRODUCT_BUNDLE_IDENTIFIER = com.HG.CustomViews;
				PRODUCT_NAME = "$(TARGET_NAME)";
			};
			name = Release;
		};
/* End XCBuildConfiguration section */

/* Begin XCConfigurationList section */
		C779DF0C1C6D084A0018AC67 /* Build configuration list for PBXProject "CustomViews" */ = {
			isa = XCConfigurationList;
			buildConfigurations = (
				C779DF261C6D084A0018AC67 /* Debug */,
				C779DF271C6D084A0018AC67 /* Release */,
			);
			defaultConfigurationIsVisible = 0;
			defaultConfigurationName = Release;
		};
		C779DF281C6D084A0018AC67 /* Build configuration list for PBXNativeTarget "CustomViews" */ = {
			isa = XCConfigurationList;
			buildConfigurations = (
				C779DF291C6D084A0018AC67 /* Debug */,
				C779DF2A1C6D084A0018AC67 /* Release */,
			);
			defaultConfigurationIsVisible = 0;
			defaultConfigurationName = Release;
		};
/* End XCConfigurationList section */
	};
	rootObject = C779DF091C6D084A0018AC67 /* Project object */;
}
